
Microsoft Visual Studio Solution File, Format Version 12.00
# Visual Studio 15
VisualStudioVersion = 15.0.26730.16
MinimumVisualStudioVersion = 10.0.40219.1
Project("{FAE04EC0-301F-11D3-BF4B-00C04F79EFBC}") = "GeneralStability", "GeneralStability\GeneralStability.csproj", "{2567E622-6123-4D19-9534-4D3003DB1C17}"
EndProject
Project("{FAE04EC0-301F-11D3-BF4B-00C04F79EFBC}") = "Shared", "Shared\Shared.csproj", "{07DF7622-CF58-4245-BF47-7CB8BF83520B}"
EndProject
Project("{FAE04EC0-301F-11D3-BF4B-00C04F79EFBC}") = "GeneralStabilityPrime", "GeneralStabilityPrime\GeneralStabilityPrime.csproj", "{2567E622-6123-4D19-9534-4D3003DB1C18}"
EndProject
Project("{FAE04EC0-301F-11D3-BF4B-00C04F79EFBC}") = "RibbonPanel", "RibbonPanel\RibbonPanel.csproj", "{54CE8CFC-0BE2-40BF-8C60-E732FCF5A896}"
EndProject
Project("{FAE04EC0-301F-11D3-BF4B-00C04F79EFBC}") = "PlaceSupport", "PlaceSupport\PlaceSupport.csproj", "{D20177D9-4439-4C89-9231-B4EB8418301B}"
EndProject
Project("{FAE04EC0-301F-11D3-BF4B-00C04F79EFBC}") = "MEPUtils", "MEPUtils\MEPUtils.csproj", "{51413598-89E7-48B9-A192-8087207AC1A7}"
EndProject
Project("{FAE04EC0-301F-11D3-BF4B-00C04F79EFBC}") = "PDFExporter", "PDFExporter\PDFExporter.csproj", "{8241CA55-0163-471E-97ED-ADC4E40C3E86}"
EndProject
Global
	GlobalSection(SolutionConfigurationPlatforms) = preSolution
		Debug via Revit Add-In Manager|Any CPU = Debug via Revit Add-In Manager|Any CPU
		Debug via Revit Add-In Manager|x64 = Debug via Revit Add-In Manager|x64
		Debug|Any CPU = Debug|Any CPU
		Debug|x64 = Debug|x64
		Release|Any CPU = Release|Any CPU
		Release|x64 = Release|x64
	EndGlobalSection
	GlobalSection(ProjectConfigurationPlatforms) = postSolution
		{2567E622-6123-4D19-9534-4D3003DB1C17}.Debug via Revit Add-In Manager|Any CPU.ActiveCfg = Debug|Any CPU
		{2567E622-6123-4D19-9534-4D3003DB1C17}.Debug via Revit Add-In Manager|x64.ActiveCfg = Debug|Any CPU
		{2567E622-6123-4D19-9534-4D3003DB1C17}.Debug|Any CPU.ActiveCfg = Debug|Any CPU
		{2567E622-6123-4D19-9534-4D3003DB1C17}.Debug|x64.ActiveCfg = Debug|Any CPU
		{2567E622-6123-4D19-9534-4D3003DB1C17}.Release|Any CPU.ActiveCfg = Release|Any CPU
		{2567E622-6123-4D19-9534-4D3003DB1C17}.Release|Any CPU.Build.0 = Release|Any CPU
		{2567E622-6123-4D19-9534-4D3003DB1C17}.Release|x64.ActiveCfg = Release|Any CPU
		{07DF7622-CF58-4245-BF47-7CB8BF83520B}.Debug via Revit Add-In Manager|Any CPU.ActiveCfg = Debug|Any CPU
		{07DF7622-CF58-4245-BF47-7CB8BF83520B}.Debug via Revit Add-In Manager|Any CPU.Build.0 = Debug|Any CPU
		{07DF7622-CF58-4245-BF47-7CB8BF83520B}.Debug via Revit Add-In Manager|x64.ActiveCfg = Debug|x64
		{07DF7622-CF58-4245-BF47-7CB8BF83520B}.Debug via Revit Add-In Manager|x64.Build.0 = Debug|x64
		{07DF7622-CF58-4245-BF47-7CB8BF83520B}.Debug|Any CPU.ActiveCfg = Debug|Any CPU
		{07DF7622-CF58-4245-BF47-7CB8BF83520B}.Debug|Any CPU.Build.0 = Debug|Any CPU
		{07DF7622-CF58-4245-BF47-7CB8BF83520B}.Debug|x64.ActiveCfg = Debug|x64
		{07DF7622-CF58-4245-BF47-7CB8BF83520B}.Debug|x64.Build.0 = Debug|x64
		{07DF7622-CF58-4245-BF47-7CB8BF83520B}.Release|Any CPU.ActiveCfg = Release|Any CPU
		{07DF7622-CF58-4245-BF47-7CB8BF83520B}.Release|Any CPU.Build.0 = Release|Any CPU
		{07DF7622-CF58-4245-BF47-7CB8BF83520B}.Release|x64.ActiveCfg = Release|x64
		{07DF7622-CF58-4245-BF47-7CB8BF83520B}.Release|x64.Build.0 = Release|x64
		{2567E622-6123-4D19-9534-4D3003DB1C18}.Debug via Revit Add-In Manager|Any CPU.ActiveCfg = Debug|Any CPU
		{2567E622-6123-4D19-9534-4D3003DB1C18}.Debug via Revit Add-In Manager|x64.ActiveCfg = Debug|Any CPU
		{2567E622-6123-4D19-9534-4D3003DB1C18}.Debug|Any CPU.ActiveCfg = Debug|Any CPU
		{2567E622-6123-4D19-9534-4D3003DB1C18}.Debug|Any CPU.Build.0 = Debug|Any CPU
		{2567E622-6123-4D19-9534-4D3003DB1C18}.Debug|x64.ActiveCfg = Debug|Any CPU
		{2567E622-6123-4D19-9534-4D3003DB1C18}.Release|Any CPU.ActiveCfg = Release|Any CPU
		{2567E622-6123-4D19-9534-4D3003DB1C18}.Release|Any CPU.Build.0 = Release|Any CPU
		{2567E622-6123-4D19-9534-4D3003DB1C18}.Release|x64.ActiveCfg = Release|Any CPU
		{54CE8CFC-0BE2-40BF-8C60-E732FCF5A896}.Debug via Revit Add-In Manager|Any CPU.ActiveCfg = Debug|Any CPU
		{54CE8CFC-0BE2-40BF-8C60-E732FCF5A896}.Debug via Revit Add-In Manager|Any CPU.Build.0 = Debug|Any CPU
		{54CE8CFC-0BE2-40BF-8C60-E732FCF5A896}.Debug via Revit Add-In Manager|x64.ActiveCfg = Debug|x64
		{54CE8CFC-0BE2-40BF-8C60-E732FCF5A896}.Debug via Revit Add-In Manager|x64.Build.0 = Debug|x64
		{54CE8CFC-0BE2-40BF-8C60-E732FCF5A896}.Debug|Any CPU.ActiveCfg = Debug|Any CPU
		{54CE8CFC-0BE2-40BF-8C60-E732FCF5A896}.Debug|Any CPU.Build.0 = Debug|Any CPU
		{54CE8CFC-0BE2-40BF-8C60-E732FCF5A896}.Debug|x64.ActiveCfg = Debug|x64
		{54CE8CFC-0BE2-40BF-8C60-E732FCF5A896}.Debug|x64.Build.0 = Debug|x64
		{54CE8CFC-0BE2-40BF-8C60-E732FCF5A896}.Release|Any CPU.ActiveCfg = Release|Any CPU
		{54CE8CFC-0BE2-40BF-8C60-E732FCF5A896}.Release|Any CPU.Build.0 = Release|Any CPU
		{54CE8CFC-0BE2-40BF-8C60-E732FCF5A896}.Release|Any CPU.Deploy.0 = Release|Any CPU
		{54CE8CFC-0BE2-40BF-8C60-E732FCF5A896}.Release|x64.ActiveCfg = Release|x64
		{54CE8CFC-0BE2-40BF-8C60-E732FCF5A896}.Release|x64.Build.0 = Release|x64
		{D20177D9-4439-4C89-9231-B4EB8418301B}.Debug via Revit Add-In Manager|Any CPU.ActiveCfg = Debug|Any CPU
		{D20177D9-4439-4C89-9231-B4EB8418301B}.Debug via Revit Add-In Manager|Any CPU.Build.0 = Debug|Any CPU
		{D20177D9-4439-4C89-9231-B4EB8418301B}.Debug via Revit Add-In Manager|x64.ActiveCfg = Debug|x64
		{D20177D9-4439-4C89-9231-B4EB8418301B}.Debug via Revit Add-In Manager|x64.Build.0 = Debug|x64
		{D20177D9-4439-4C89-9231-B4EB8418301B}.Debug|Any CPU.ActiveCfg = Debug|Any CPU
		{D20177D9-4439-4C89-9231-B4EB8418301B}.Debug|Any CPU.Build.0 = Debug|Any CPU
		{D20177D9-4439-4C89-9231-B4EB8418301B}.Debug|x64.ActiveCfg = Debug|x64
		{D20177D9-4439-4C89-9231-B4EB8418301B}.Debug|x64.Build.0 = Debug|x64
		{D20177D9-4439-4C89-9231-B4EB8418301B}.Release|Any CPU.ActiveCfg = Release|Any CPU
		{D20177D9-4439-4C89-9231-B4EB8418301B}.Release|Any CPU.Build.0 = Release|Any CPU
		{D20177D9-4439-4C89-9231-B4EB8418301B}.Release|x64.ActiveCfg = Release|x64
		{D20177D9-4439-4C89-9231-B4EB8418301B}.Release|x64.Build.0 = Release|x64
		{51413598-89E7-48B9-A192-8087207AC1A7}.Debug via Revit Add-In Manager|Any CPU.ActiveCfg = Debug|Any CPU
		{51413598-89E7-48B9-A192-8087207AC1A7}.Debug via Revit Add-In Manager|Any CPU.Build.0 = Debug|Any CPU
		{51413598-89E7-48B9-A192-8087207AC1A7}.Debug via Revit Add-In Manager|x64.ActiveCfg = Debug|Any CPU
		{51413598-89E7-48B9-A192-8087207AC1A7}.Debug via Revit Add-In Manager|x64.Build.0 = Debug|Any CPU
		{51413598-89E7-48B9-A192-8087207AC1A7}.Debug|Any CPU.ActiveCfg = Debug|Any CPU
		{51413598-89E7-48B9-A192-8087207AC1A7}.Debug|Any CPU.Build.0 = Debug|Any CPU
		{51413598-89E7-48B9-A192-8087207AC1A7}.Debug|x64.ActiveCfg = Debug|Any CPU
		{51413598-89E7-48B9-A192-8087207AC1A7}.Debug|x64.Build.0 = Debug|Any CPU
		{51413598-89E7-48B9-A192-8087207AC1A7}.Release|Any CPU.ActiveCfg = Release|Any CPU
		{51413598-89E7-48B9-A192-8087207AC1A7}.Release|Any CPU.Build.0 = Release|Any CPU
		{51413598-89E7-48B9-A192-8087207AC1A7}.Release|x64.ActiveCfg = Release|Any CPU
		{51413598-89E7-48B9-A192-8087207AC1A7}.Release|x64.Build.0 = Release|Any CPU
		{8241CA55-0163-471E-97ED-ADC4E40C3E86}.Debug via Revit Add-In Manager|Any CPU.ActiveCfg = Debug|Any CPU
		{8241CA55-0163-471E-97ED-ADC4E40C3E86}.Debug via Revit Add-In Manager|Any CPU.Build.0 = Debug|Any CPU
		{8241CA55-0163-471E-97ED-ADC4E40C3E86}.Debug via Revit Add-In Manager|x64.ActiveCfg = Debug|Any CPU
		{8241CA55-0163-471E-97ED-ADC4E40C3E86}.Debug via Revit Add-In Manager|x64.Build.0 = Debug|Any CPU
		{8241CA55-0163-471E-97ED-ADC4E40C3E86}.Debug|Any CPU.ActiveCfg = Debug|Any CPU
		{8241CA55-0163-471E-97ED-ADC4E40C3E86}.Debug|Any CPU.Build.0 = Debug|Any CPU
		{8241CA55-0163-471E-97ED-ADC4E40C3E86}.Debug|x64.ActiveCfg = Debug|Any CPU
		{8241CA55-0163-471E-97ED-ADC4E40C3E86}.Debug|x64.Build.0 = Debug|Any CPU
		{8241CA55-0163-471E-97ED-ADC4E40C3E86}.Release|Any CPU.ActiveCfg = Release|Any CPU
		{8241CA55-0163-471E-97ED-ADC4E40C3E86}.Release|Any CPU.Build.0 = Release|Any CPU
		{8241CA55-0163-471E-97ED-ADC4E40C3E86}.Release|x64.ActiveCfg = Release|Any CPU
		{8241CA55-0163-471E-97ED-ADC4E40C3E86}.Release|x64.Build.0 = Release|Any CPU
	EndGlobalSection
	GlobalSection(SolutionProperties) = preSolution
		HideSolutionNode = FALSE
	EndGlobalSection
	GlobalSection(ExtensibilityGlobals) = postSolution
		SolutionGuid = {82F6A1B1-076D-4583-80B1-94398D8E39B2}
	EndGlobalSection
EndGlobal
